github.com/HandyGold75/GOLib/cfg v0.0.0-20240927085623-0671533aa9ae h1:ZANt50GhX+2qyemUgdf/bYueG80Naa1odXmT5Lbk6/8=
github.com/HandyGold75/GOLib/cfg v0.0.0-20240927085623-0671533aa9ae/go.mod h1:CP+ODY2PMzIBKDqVPBMCoCPCPJRIVDeJ0em54pYqwak=
github.com/HandyGold75/GOLib/cfg v0.0.0-20240927105450-6fdbc613ed18 h1:pKlo+wWfGa7CZif2+uCJLCORDZrUUyOKmA4FDQS+sp8=
github.com/HandyGold75/GOLib/cfg v0.0.0-20240927105450-6fdbc613ed18/go.mod h1:CP+ODY2PMzIBKDqVPBMCoCPCPJRIVDeJ0em54pYqwak=
github.com/HandyGold75/GOLib/logger v0.0.0-20240927085623-0671533aa9ae h1:x/c08r4eLpHG3TMeem5/5WhPT8T/8l1ZkmnFWCRjSU0=
github.com/HandyGold75/GOLib/logger v0.0.0-20240927085623-0671533aa9ae/go.mod h1:SMu3cBLZLa3hH6btTGIGkou+d9r3GiF1LJu0zqhzmZg=
github.com/HandyGold75/GOLib/logger v0.0.0-20240927105450-6fdbc613ed18 h1:4LooX/xvvZCQ51L/C/Lou28jpvYeHFv4UTi4CNSasT4=
github.com/HandyGold75/GOLib/logger v0.0.0-20240927105450-6fdbc613ed18/go.mod h1:SMu3cBLZLa3hH6btTGIGkou+d9r3GiF1LJu0zqhzmZg=
github.com/HandyGold75/GOLib/scheduler v0.0.0-20240927085623-0671533aa9ae h1:8LebEM2f7izqvl7PCNCyUfeDvd2E/IfiOvz8AW7o9kw=
github.com/HandyGold75/GOLib/scheduler v0.0.0-20240927085623-0671533aa9ae/go.mod h1:2OLKkpVm6ybvFbCUBdSfW1m81JI7jRmBZ7HmZqpTyps=
github.com/HandyGold75/GOLib/scheduler v0.0.0-20240927105450-6fdbc613ed18 h1:e1PtQnZQpkohkLi8Ui7AXbuSrOgqcK/aLRtcgfi6LQ0=
github.com/HandyGold75/GOLib/scheduler v0.0.0-20240927105450-6fdbc613ed18/go.mod h1:2OLKkpVm6ybvFbCUBdSfW1m81JI7jRmBZ7HmZqpTyps=
github.com/Masterminds/semver/v3 v3.2.1 h1:RN9w6+7QoMeJVGyfmbcgs28Br8cvmnucEXnY0rYXWg0=
github.com/Masterminds/semver/v3 v3.2.1/go.mod h1:qvl/7zhW3nngYb5+80sSMF+FG2BjYrf8m9wsX0PNOMQ=
github.com/achetronic/tapogo v0.2.0 h1:eMyEPdZsEzKwacj43FihDRLJxfNX4YpiWb/eEmMyVTQ=
github.com/achetronic/tapogo v0.2.0/go.mod h1:DVflSfbePg4SAjRy0aeMYJ0vj4Pjesw5sw6y4yP0f8w=
github.com/bitly/go-simplejson v0.5.1 h1:xgwPbetQScXt1gh9BmoJ6j9JMr3TElvuIyjR8pgdoow=
github.com/bitly/go-simplejson v0.5.1/go.mod h1:YOPVLzCfwK14b4Sff3oP1AmGhI9T9Vsg84etUnlyp+Q=
github.com/davecgh/go-spew v1.1.2-0.20180830191138-d8f796af33cc h1:U9qPSI2PIWSS1VwoXQT9A3Wy9MM3WgvqSxFWenqJduM=
github.com/davecgh/go-spew v1.1.2-0.20180830191138-d8f796af33cc/go.mod h1:J7Y8YcW2NihsgmVo/mv3lAwl/skON4iLHjSsI+c5H38=
github.com/dlclark/regexp2 v1.11.4 h1:rPYF9/LECdNymJufQKmri9gV604RvvABwgOA8un7yAo=
github.com/dlclark/regexp2 v1.11.4/go.mod h1:DHkYz0B9wPfa6wondMfaivmHpzrQ3v9q8cnmRbL6yW8=
github.com/dop251/goja v0.0.0-20240926214742-e37b27fbbace h1:ni5TZpiAdiW4dizpiKyidN4vWLJ6FNBnLncPHYn84lw=
github.com/dop251/goja v0.0.0-20240926214742-e37b27fbbace/go.mod h1:MxLav0peU43GgvwVgNbLAj1s/bSGboKkhuULvq/7hx4=
github.com/dop251/goja v0.0.0-20240927123429-241b342198c2 h1:Ux9RXuPQmTB4C1MKagNLme0krvq8ulewfor+ORO/QL4=
github.com/dop251/goja v0.0.0-20240927123429-241b342198c2/go.mod h1:MxLav0peU43GgvwVgNbLAj1s/bSGboKkhuULvq/7hx4=
github.com/go-sourcemap/sourcemap v2.1.4+incompatible h1:a+iTbH5auLKxaNwQFg0B+TCYl6lbukKPc7b5x0n1s6Q=
github.com/go-sourcemap/sourcemap v2.1.4+incompatible/go.mod h1:F8jJfvm2KbVjc5NqelyYJmf/v5J0dwNLS2mL4sNA1Jg=
github.com/google/pprof v0.0.0-20240925223930-fa3061bff0bc h1:7bf8bGo4akhLJrmttkYLjxIz0yQmBi5umb+Nj1qRPpE=
github.com/google/pprof v0.0.0-20240925223930-fa3061bff0bc/go.mod h1:vavhavw2zAxS5dIdcRluK6cSGGPlZynqzFM8NdvU144=
github.com/google/pprof v0.0.0-20240929191954-255acd752d31 h1:LcRdQWywSgfi5jPsYZ1r2avbbs5IQ5wtyhMBCcokyo4=
github.com/google/pprof v0.0.0-20240929191954-255acd752d31/go.mod h1:vavhavw2zAxS5dIdcRluK6cSGGPlZynqzFM8NdvU144=
github.com/kkdai/youtube/v2 v2.10.1 h1:jdPho4R7VxWoRi9Wx4ULMq4+hlzSVOXxh4Zh83f2F9M=
github.com/kkdai/youtube/v2 v2.10.1/go.mod h1:qL8JZv7Q1IoDs4nnaL51o/hmITXEIvyCIXopB0oqgVM=
github.com/pmezard/go-difflib v1.0.1-0.20181226105442-5d4384ee4fb2 h1:Jamvg5psRIccs7FGNTlIRMkT8wgtp5eCXdBlqhYGL6U=
github.com/pmezard/go-difflib v1.0.1-0.20181226105442-5d4384ee4fb2/go.mod h1:iKH77koFhYxTK1pcRnkKkqfTogsbg7gZNVY4sRDYZ/4=
github.com/raitonoberu/ytsearch v0.2.0 h1:pOkkBuOiqCyKycWq1AAmhjfB+MlBNMvhHY8YEywP2ck=
github.com/raitonoberu/ytsearch v0.2.0/go.mod h1:3jxsFXvol6AqYoMmIQ4VmAGWDP0vN7D99Qx863nsLzI=
github.com/stretchr/testify v1.9.0 h1:HtqpIVDClZ4nwg75+f6Lvsy/wHu+3BoSGCbBAcpTsTg=
github.com/stretchr/testify v1.9.0/go.mod h1:r2ic/lqez/lEtzL7wO/rwa5dbSLXVDPFyf8C91i36aY=
golang.org/x/net v0.22.0 h1:9sGLhx7iRIHEiX0oAJ3MRZMUCElJgy7Br1nO+AMN3Tc=
golang.org/x/net v0.22.0/go.mod h1:JKghWKKOSdJwpW2GEx0Ja7fmaKnMsbu+MWVZTokSYmg=
golang.org/x/sys v0.25.0 h1:r+8e+loiHxRqhXVl6ML1nO3l1+oFoWbnlu2Ehimmi34=
golang.org/x/sys v0.25.0/go.mod h1:/VUhepiaJMQUp4+oa/7Zr1D23ma6VTLIYjOOTFZPUcA=
golang.org/x/term v0.24.0 h1:Mh5cbb+Zk2hqqXNO7S1iTjEphVL+jb8ZWaqh/g+JWkM=
golang.org/x/term v0.24.0/go.mod h1:lOBK/LVxemqiMij05LGJ0tzNr8xlmwBRJ81PX6wVLH8=
golang.org/x/text v0.18.0 h1:XvMDiNzPAl0jr17s6W9lcaIhGUfUORdGCNsuLmPG224=
golang.org/x/text v0.18.0/go.mod h1:BuEKDfySbSR4drPmRPG/7iBdf8hvFMuRexcpahXilzY=
gopkg.in/yaml.v2 v2.4.0 h1:D8xgwECY7CYvx+Y2n4sBz93Jn9JRvxdiyyo8CTfuKaY=
gopkg.in/yaml.v2 v2.4.0/go.mod h1:RDklbk79AGWmwhnvt/jBztapEOGDOx6ZbXqjP6csGnQ=
gopkg.in/yaml.v3 v3.0.1 h1:fxVm/GzAzEWqLHuvctI91KS9hhNmmWOoWu0XTYJS7CA=
gopkg.in/yaml.v3 v3.0.1/go.mod h1:K4uyk7z7BCEPqu6E+C64Yfv1cQ7kz7rIZviUmN+EgEM=
