github.com/HandyGold75/GOLib/cfg v0.0.0-20250724140744-ffdd0424f7ed h1:zkrsEBxuYZuH++Rh035MF5hwqKvqhAixkbIeXXZy8eM=
github.com/HandyGold75/GOLib/cfg v0.0.0-20250724140744-ffdd0424f7ed/go.mod h1:JAdvejsN26a/MT3BmRCrZJdJB7FYVX5QGTMt7vbfMVY=
github.com/HandyGold75/GOLib/scheduler v0.0.0-20250724140744-ffdd0424f7ed h1:e5JiGBtwzdPoolBFv1+pT15KVKstyP9irUsGXXmzToE=
github.com/HandyGold75/GOLib/scheduler v0.0.0-20250724140744-ffdd0424f7ed/go.mod h1:LZWk/aW0KaeF5B8+G7zQKYUXlwn1MA2eY3iHTisCSkA=
github.com/achetronic/tapogo v0.2.0 h1:eMyEPdZsEzKwacj43FihDRLJxfNX4YpiWb/eEmMyVTQ=
github.com/achetronic/tapogo v0.2.0/go.mod h1:DVflSfbePg4SAjRy0aeMYJ0vj4Pjesw5sw6y4yP0f8w=
golang.org/x/sys v0.34.0 h1:H5Y5sJ2L2JRdyv7ROF1he/lPdvFsd0mJHFw2ThKHxLA=
golang.org/x/sys v0.34.0/go.mod h1:BJP2sWEmIv4KK5OTEluFJCKSidICx8ciO85XgH3Ak8k=
golang.org/x/term v0.33.0 h1:NuFncQrRcaRvVmgRkvM3j/F00gWIAlcmlB8ACEKmGIg=
golang.org/x/term v0.33.0/go.mod h1:s18+ql9tYWp1IfpV9DmCtQDDSRBUjKaw9M1eAv5UeF0=
