github.com/HandyGold75/GOLib/cfg v0.0.0-20250808150236-6155e6c56a1e h1:V4iG8emAsWhsS5N9XHJ1NBSIT1uLvn5zWBqBLd00rSQ=
github.com/HandyGold75/GOLib/cfg v0.0.0-20250808150236-6155e6c56a1e/go.mod h1:PgS0oYvuKnwJk6x/5pgoSlzmvyYXIBhIMkb970nJJ7k=
github.com/HandyGold75/GOLib/gapo v0.0.0-20250808151012-b11e2c34d3d8 h1:oDNLskhfOr3nygRRtUQjBwxhWBY2ADxATZ3b6rFZUm0=
github.com/HandyGold75/GOLib/gapo v0.0.0-20250808151012-b11e2c34d3d8/go.mod h1:0wDlEOKJIdXDZO/be3Hui1N0qDBdhq2+VNOdduv4ito=
github.com/HandyGold75/GOLib/logger v0.0.0-20250808151012-b11e2c34d3d8 h1:+WcSPCHb/Mq466Rhj2U2XaCUGJCM4ljySUVYo5OwxlA=
github.com/HandyGold75/GOLib/logger v0.0.0-20250808151012-b11e2c34d3d8/go.mod h1:PGLvnHSNbMKhH8WC1SMtjoRVxMn0jrf5FpdVHNIPVDM=
github.com/HandyGold75/GOLib/scheduler v0.0.0-20250808151012-b11e2c34d3d8 h1:NouJEm68LZPdHppoXs8aydjI6eKwXMREzdD0A2jtsmc=
github.com/HandyGold75/GOLib/scheduler v0.0.0-20250808151012-b11e2c34d3d8/go.mod h1:CXOOFY/AjF6CQEamxGTAu+e42q0RMQyRFv9fm+9MiBs=
github.com/HandyGold75/Gonos v0.1.1 h1:+Y3cWqHjQI4VpzF5VSLlqpFv/FtBwj6c/dmJrrekRJs=
github.com/HandyGold75/Gonos v0.1.1/go.mod h1:k9je2suL+64WUHPfZZxMZYrecbTbfUATAW5ZHO88MT0=
github.com/Masterminds/semver/v3 v3.2.1 h1:RN9w6+7QoMeJVGyfmbcgs28Br8cvmnucEXnY0rYXWg0=
github.com/Masterminds/semver/v3 v3.2.1/go.mod h1:qvl/7zhW3nngYb5+80sSMF+FG2BjYrf8m9wsX0PNOMQ=
github.com/bitly/go-simplejson v0.5.1 h1:xgwPbetQScXt1gh9BmoJ6j9JMr3TElvuIyjR8pgdoow=
github.com/bitly/go-simplejson v0.5.1/go.mod h1:YOPVLzCfwK14b4Sff3oP1AmGhI9T9Vsg84etUnlyp+Q=
github.com/davecgh/go-spew v1.1.2-0.20180830191138-d8f796af33cc h1:U9qPSI2PIWSS1VwoXQT9A3Wy9MM3WgvqSxFWenqJduM=
github.com/davecgh/go-spew v1.1.2-0.20180830191138-d8f796af33cc/go.mod h1:J7Y8YcW2NihsgmVo/mv3lAwl/skON4iLHjSsI+c5H38=
github.com/dlclark/regexp2 v1.11.5 h1:Q/sSnsKerHeCkc/jSTNq1oCm7KiVgUMZRDUoRu0JQZQ=
github.com/dlclark/regexp2 v1.11.5/go.mod h1:DHkYz0B9wPfa6wondMfaivmHpzrQ3v9q8cnmRbL6yW8=
github.com/dop251/goja v0.0.0-20250630131328-58d95d85e994 h1:aQYWswi+hRL2zJqGacdCZx32XjKYV8ApXFGntw79XAM=
github.com/dop251/goja v0.0.0-20250630131328-58d95d85e994/go.mod h1:MxLav0peU43GgvwVgNbLAj1s/bSGboKkhuULvq/7hx4=
github.com/go-sourcemap/sourcemap v2.1.4+incompatible h1:a+iTbH5auLKxaNwQFg0B+TCYl6lbukKPc7b5x0n1s6Q=
github.com/go-sourcemap/sourcemap v2.1.4+incompatible/go.mod h1:F8jJfvm2KbVjc5NqelyYJmf/v5J0dwNLS2mL4sNA1Jg=
github.com/google/pprof v0.0.0-20250630185457-6e76a2b096b5 h1:xhMrHhTJ6zxu3gA4enFM9MLn9AY7613teCdFnlUVbSQ=
github.com/google/pprof v0.0.0-20250630185457-6e76a2b096b5/go.mod h1:5hDyRhoBCxViHszMt12TnOpEI4VVi+U8Gm9iphldiMA=
github.com/kkdai/youtube/v2 v2.10.4 h1:T3VAQ65EB4eHptwcQIigpFvUJlV9EcKRGJJdSVUy3aU=
github.com/kkdai/youtube/v2 v2.10.4/go.mod h1:pm4RuJ2tRIIaOvz4YMIpCY8Ls4Fm7IVtnZQyule61MU=
github.com/pmezard/go-difflib v1.0.1-0.20181226105442-5d4384ee4fb2 h1:Jamvg5psRIccs7FGNTlIRMkT8wgtp5eCXdBlqhYGL6U=
github.com/pmezard/go-difflib v1.0.1-0.20181226105442-5d4384ee4fb2/go.mod h1:iKH77koFhYxTK1pcRnkKkqfTogsbg7gZNVY4sRDYZ/4=
github.com/stretchr/testify v1.10.0 h1:Xv5erBjTwe/5IxqUQTdXv5kgmIvbHo3QQyRwhJsOfJA=
github.com/stretchr/testify v1.10.0/go.mod h1:r2ic/lqez/lEtzL7wO/rwa5dbSLXVDPFyf8C91i36aY=
golang.org/x/net v0.35.0 h1:T5GQRQb2y08kTAByq9L4/bz8cipCdA8FbRTXewonqY8=
golang.org/x/net v0.35.0/go.mod h1:EglIi67kWsHKlRzzVMUD93VMSWGFOMSZgxFjparz1Qk=
golang.org/x/sys v0.35.0 h1:vz1N37gP5bs89s7He8XuIYXpyY0+QlsKmzipCbUtyxI=
golang.org/x/sys v0.35.0/go.mod h1:BJP2sWEmIv4KK5OTEluFJCKSidICx8ciO85XgH3Ak8k=
golang.org/x/term v0.34.0 h1:O/2T7POpk0ZZ7MAzMeWFSg6S5IpWd/RXDlM9hgM3DR4=
golang.org/x/term v0.34.0/go.mod h1:5jC53AEywhIVebHgPVeg0mj8OD3VO9OzclacVrqpaAw=
golang.org/x/text v0.28.0 h1:rhazDwis8INMIwQ4tpjLDzUhx6RlXqZNPEM0huQojng=
golang.org/x/text v0.28.0/go.mod h1:U8nCwOR8jO/marOQ0QbDiOngZVEBB7MAiitBuMjXiNU=
gopkg.in/yaml.v2 v2.4.0 h1:D8xgwECY7CYvx+Y2n4sBz93Jn9JRvxdiyyo8CTfuKaY=
gopkg.in/yaml.v2 v2.4.0/go.mod h1:RDklbk79AGWmwhnvt/jBztapEOGDOx6ZbXqjP6csGnQ=
gopkg.in/yaml.v3 v3.0.1 h1:fxVm/GzAzEWqLHuvctI91KS9hhNmmWOoWu0XTYJS7CA=
gopkg.in/yaml.v3 v3.0.1/go.mod h1:K4uyk7z7BCEPqu6E+C64Yfv1cQ7kz7rIZviUmN+EgEM=
