github.com/HandyGold75/GOLib/cfg v0.0.0-20260409103303-fbcc22cff3da h1:DKNnAUGwKDgFgOfTfekWkmeouA82GtmqKggKVMCUSRY=
github.com/HandyGold75/GOLib/cfg v0.0.0-20260409103303-fbcc22cff3da/go.mod h1:tP7DMgq4vT5eb8VQvKOvr4VYULDNJX451gEmyTazdas=
github.com/HandyGold75/GOLib/gapo v0.0.0-20260409103303-fbcc22cff3da h1:aUOEta0XRQYg1V05z7LvdNbMrGwiexKq/J9r1AebFoE=
github.com/HandyGold75/GOLib/gapo v0.0.0-20260409103303-fbcc22cff3da/go.mod h1:/ag+IrFwBoz5KC2QVhkhnu027bYDEX1aWBFD/1j8Kv4=
github.com/HandyGold75/GOLib/logger v0.0.0-20260409103303-fbcc22cff3da h1:Wf91CS3KCU6Rl63m94Jyf4oRxfInrQ5MEOBnf1yPl9Q=
github.com/HandyGold75/GOLib/logger v0.0.0-20260409103303-fbcc22cff3da/go.mod h1:P4RUK178y25PxTwdr1fQ33meqsbkSQjHUgiNOmnkE0o=
github.com/HandyGold75/GOLib/scheduler v0.0.0-20260409103303-fbcc22cff3da h1:eH4LjQfLU3eaMx7ni8kwIhMwVVRMDAEV/eC/XmGrUAE=
github.com/HandyGold75/GOLib/scheduler v0.0.0-20260409103303-fbcc22cff3da/go.mod h1:8r92ejMo0BYvklO9c08mmdWags29A1TQt7x3DUxIzO4=
github.com/HandyGold75/GOLib/yts v0.0.0-20260409103303-fbcc22cff3da h1:erYzp1w44Kk08sdC/rQKwFRTnsApk6i+WVzkLxCJWqw=
github.com/HandyGold75/GOLib/yts v0.0.0-20260409103303-fbcc22cff3da/go.mod h1:VM/2eTZTWA3ADSP49bBqBdcoS9fCnXi+VigX6FwEit0=
github.com/HandyGold75/Gonos v0.1.3 h1:KrCwDmLGTOhSlvuIzrf6dOqdw+E1y/vcXylnI11g9es=
github.com/HandyGold75/Gonos v0.1.3/go.mod h1:CJ3aZtX3ytKO9jOlj04EUGEscjnZwYZOf9ikLH6YgKo=
github.com/Masterminds/semver/v3 v3.2.1 h1:RN9w6+7QoMeJVGyfmbcgs28Br8cvmnucEXnY0rYXWg0=
github.com/Masterminds/semver/v3 v3.2.1/go.mod h1:qvl/7zhW3nngYb5+80sSMF+FG2BjYrf8m9wsX0PNOMQ=
github.com/bitly/go-simplejson v0.5.1 h1:xgwPbetQScXt1gh9BmoJ6j9JMr3TElvuIyjR8pgdoow=
github.com/bitly/go-simplejson v0.5.1/go.mod h1:YOPVLzCfwK14b4Sff3oP1AmGhI9T9Vsg84etUnlyp+Q=
github.com/davecgh/go-spew v1.1.2-0.20180830191138-d8f796af33cc h1:U9qPSI2PIWSS1VwoXQT9A3Wy9MM3WgvqSxFWenqJduM=
github.com/davecgh/go-spew v1.1.2-0.20180830191138-d8f796af33cc/go.mod h1:J7Y8YcW2NihsgmVo/mv3lAwl/skON4iLHjSsI+c5H38=
github.com/dlclark/regexp2 v1.12.0 h1:0j4c5qQmnC6XOWNjP3PIXURXN2gWx76rd3KvgdPkCz8=
github.com/dlclark/regexp2 v1.12.0/go.mod h1:DHkYz0B9wPfa6wondMfaivmHpzrQ3v9q8cnmRbL6yW8=
github.com/dop251/goja v0.0.0-20260311135729-065cd970411c h1:OcLmPfx1T1RmZVHHFwWMPaZDdRf0DBMZOFMVWJa7Pdk=
github.com/dop251/goja v0.0.0-20260311135729-065cd970411c/go.mod h1:MxLav0peU43GgvwVgNbLAj1s/bSGboKkhuULvq/7hx4=
github.com/go-sourcemap/sourcemap v2.1.4+incompatible h1:a+iTbH5auLKxaNwQFg0B+TCYl6lbukKPc7b5x0n1s6Q=
github.com/go-sourcemap/sourcemap v2.1.4+incompatible/go.mod h1:F8jJfvm2KbVjc5NqelyYJmf/v5J0dwNLS2mL4sNA1Jg=
github.com/google/pprof v0.0.0-20260507013755-92041b743c96 h1:YDDnaZ9afWajDboPMt9Vikqca/yWAX7KAxVzb4lJU1M=
github.com/google/pprof v0.0.0-20260507013755-92041b743c96/go.mod h1:MxpfABSjhmINe3F1It9d+8exIHFvUqtLIRCdOGNXqiI=
github.com/kkdai/youtube/v2 v2.10.6 h1:4sKaX6GtjbsDRnPINrf2rtBIxRKz5eXQZ5ccUVPjkyg=
github.com/kkdai/youtube/v2 v2.10.6/go.mod h1:Oj3uSagusCkXuPiripRDgAXyCaKIjAHAY90qC8Sd+m4=
github.com/pmezard/go-difflib v1.0.1-0.20181226105442-5d4384ee4fb2 h1:Jamvg5psRIccs7FGNTlIRMkT8wgtp5eCXdBlqhYGL6U=
github.com/pmezard/go-difflib v1.0.1-0.20181226105442-5d4384ee4fb2/go.mod h1:iKH77koFhYxTK1pcRnkKkqfTogsbg7gZNVY4sRDYZ/4=
github.com/stretchr/testify v1.11.1 h1:7s2iGBzp5EwR7/aIZr8ao5+dra3wiQyKjjFuvgVKu7U=
github.com/stretchr/testify v1.11.1/go.mod h1:wZwfW3scLgRK+23gO65QZefKpKQRnfz6sD981Nm4B6U=
golang.org/x/net v0.52.0 h1:He/TN1l0e4mmR3QqHMT2Xab3Aj3L9qjbhRm78/6jrW0=
golang.org/x/net v0.52.0/go.mod h1:R1MAz7uMZxVMualyPXb+VaqGSa3LIaUqk0eEt3w36Sw=
golang.org/x/sys v0.44.0 h1:ildZl3J4uzeKP07r2F++Op7E9B29JRUy+a27EibtBTQ=
golang.org/x/sys v0.44.0/go.mod h1:4GL1E5IUh+htKOUEOaiffhrAeqysfVGipDYzABqnCmw=
golang.org/x/term v0.43.0 h1:S4RLU2sB31O/NCl+zFN9Aru9A/Cq2aqKpTZJ6B+DwT4=
golang.org/x/term v0.43.0/go.mod h1:lrhlHNdQJHO+1qVYiHfFKVuVioJIheAc3fBSMFYEIsk=
golang.org/x/text v0.37.0 h1:Cqjiwd9eSg8e0QAkyCaQTNHFIIzWtidPahFWR83rTrc=
golang.org/x/text v0.37.0/go.mod h1:a5sjxXGs9hsn/AJVwuElvCAo9v8QYLzvavO5z2PiM38=
gopkg.in/yaml.v2 v2.4.0 h1:D8xgwECY7CYvx+Y2n4sBz93Jn9JRvxdiyyo8CTfuKaY=
gopkg.in/yaml.v2 v2.4.0/go.mod h1:RDklbk79AGWmwhnvt/jBztapEOGDOx6ZbXqjP6csGnQ=
gopkg.in/yaml.v3 v3.0.1 h1:fxVm/GzAzEWqLHuvctI91KS9hhNmmWOoWu0XTYJS7CA=
gopkg.in/yaml.v3 v3.0.1/go.mod h1:K4uyk7z7BCEPqu6E+C64Yfv1cQ7kz7rIZviUmN+EgEM=
